
Microsoft Visual Studio Solution File, Format Version 12.00
# Visual Studio Version 17
VisualStudioVersion = 17.0.31903.59
MinimumVisualStudioVersion = 10.0.40219.1
Project("{2150E333-8FDC-42A3-9474-1A3956D46DE8}") = "src", "src", "{827E0CD3-B72D-47B6-A68D-7590B98EB39B}"
EndProject
Project("{FAE04EC0-301F-11D3-BF4B-00C04F79EFBC}") = "MyAccountingApp.Core", "src\MyAccountingApp.Core\MyAccountingApp.Core.csproj", "{B65F70F0-8FB7-4DF3-951D-A9D7DF2FF4E6}"
EndProject
Project("{FAE04EC0-301F-11D3-BF4B-00C04F79EFBC}") = "MyAccountingApp.Infrastructure", "src\MyAccountingApp.Infrastructure\MyAccountingApp.Infrastructure.csproj", "{19E65F94-9311-4D72-ACF3-4632B9C840B5}"
EndProject
Project("{FAE04EC0-301F-11D3-BF4B-00C04F79EFBC}") = "MyAccountingApp.ConsoleApp", "src\MyAccountingApp.ConsoleApp\MyAccountingApp.ConsoleApp.csproj", "{96E1EAFE-B912-4276-BB87-964B535D34CD}"
EndProject
Project("{2150E333-8FDC-42A3-9474-1A3956D46DE8}") = "tests", "tests", "{0AB3BF05-4346-4AA6-1389-037BE0695223}"
EndProject
Project("{FAE04EC0-301F-11D3-BF4B-00C04F79EFBC}") = "MyAccountingApp.Application", "src\MyAccountingApp.Application\MyAccountingApp.Application.csproj", "{B3511861-3541-442C-A527-768B83E22B6F}"
EndProject
Project("{2150E333-8FDC-42A3-9474-1A3956D46DE8}") = "Solution Items", "Solution Items", "{02EA681E-C7D8-13C7-8484-4AC65E1B71E8}"
	ProjectSection(SolutionItems) = preProject
		.editorconfig = .editorconfig
	EndProjectSection
EndProject
Project("{FAE04EC0-301F-11D3-BF4B-00C04F79EFBC}") = "MyAccountingApp.Application.Tests", "tests\MyAccountApp.Application.Tests\MyAccountingApp.Application.Tests.csproj", "{B7F2D30E-30E4-4E2A-9FB8-263C6F58A8A9}"
EndProject
Project("{FAE04EC0-301F-11D3-BF4B-00C04F79EFBC}") = "MyAccountingApp.Core.Tests", "tests\MyAccountApp.Core.Tests\MyAccountingApp.Core.Tests.csproj", "{9E3C58F8-FEA2-44A1-84FE-75C75F4CF6F6}"
EndProject
Project("{FAE04EC0-301F-11D3-BF4B-00C04F79EFBC}") = "MyAccountingApp.Infrastructure.Tests", "tests\MyAccountApp.Infrastructure.Tests\MyAccountingApp.Infrastructure.Tests.csproj", "{E131AEA4-7ACC-4A0E-8E0A-3CFF9D862456}"
EndProject
Project("{FAE04EC0-301F-11D3-BF4B-00C04F79EFBC}") = "MyAccountingApp.TestUtilities", "tests\MyAccountingApp.TestUtilities\MyAccountingApp.TestUtilities.csproj", "{DAA50238-7F13-4F77-9106-0F5517BED2CF}"
EndProject
Global
	GlobalSection(SolutionConfigurationPlatforms) = preSolution
		Debug|Any CPU = Debug|Any CPU
		Debug|x64 = Debug|x64
		Debug|x86 = Debug|x86
		Release|Any CPU = Release|Any CPU
		Release|x64 = Release|x64
		Release|x86 = Release|x86
	EndGlobalSection
	GlobalSection(ProjectConfigurationPlatforms) = postSolution
		{B65F70F0-8FB7-4DF3-951D-A9D7DF2FF4E6}.Debug|Any CPU.ActiveCfg = Debug|Any CPU
		{B65F70F0-8FB7-4DF3-951D-A9D7DF2FF4E6}.Debug|Any CPU.Build.0 = Debug|Any CPU
		{B65F70F0-8FB7-4DF3-951D-A9D7DF2FF4E6}.Debug|x64.ActiveCfg = Debug|Any CPU
		{B65F70F0-8FB7-4DF3-951D-A9D7DF2FF4E6}.Debug|x64.Build.0 = Debug|Any CPU
		{B65F70F0-8FB7-4DF3-951D-A9D7DF2FF4E6}.Debug|x86.ActiveCfg = Debug|Any CPU
		{B65F70F0-8FB7-4DF3-951D-A9D7DF2FF4E6}.Debug|x86.Build.0 = Debug|Any CPU
		{B65F70F0-8FB7-4DF3-951D-A9D7DF2FF4E6}.Release|Any CPU.ActiveCfg = Release|Any CPU
		{B65F70F0-8FB7-4DF3-951D-A9D7DF2FF4E6}.Release|Any CPU.Build.0 = Release|Any CPU
		{B65F70F0-8FB7-4DF3-951D-A9D7DF2FF4E6}.Release|x64.ActiveCfg = Release|Any CPU
		{B65F70F0-8FB7-4DF3-951D-A9D7DF2FF4E6}.Release|x64.Build.0 = Release|Any CPU
		{B65F70F0-8FB7-4DF3-951D-A9D7DF2FF4E6}.Release|x86.ActiveCfg = Release|Any CPU
		{B65F70F0-8FB7-4DF3-951D-A9D7DF2FF4E6}.Release|x86.Build.0 = Release|Any CPU
		{19E65F94-9311-4D72-ACF3-4632B9C840B5}.Debug|Any CPU.ActiveCfg = Debug|Any CPU
		{19E65F94-9311-4D72-ACF3-4632B9C840B5}.Debug|Any CPU.Build.0 = Debug|Any CPU
		{19E65F94-9311-4D72-ACF3-4632B9C840B5}.Debug|x64.ActiveCfg = Debug|Any CPU
		{19E65F94-9311-4D72-ACF3-4632B9C840B5}.Debug|x64.Build.0 = Debug|Any CPU
		{19E65F94-9311-4D72-ACF3-4632B9C840B5}.Debug|x86.ActiveCfg = Debug|Any CPU
		{19E65F94-9311-4D72-ACF3-4632B9C840B5}.Debug|x86.Build.0 = Debug|Any CPU
		{19E65F94-9311-4D72-ACF3-4632B9C840B5}.Release|Any CPU.ActiveCfg = Release|Any CPU
		{19E65F94-9311-4D72-ACF3-4632B9C840B5}.Release|Any CPU.Build.0 = Release|Any CPU
		{19E65F94-9311-4D72-ACF3-4632B9C840B5}.Release|x64.ActiveCfg = Release|Any CPU
		{19E65F94-9311-4D72-ACF3-4632B9C840B5}.Release|x64.Build.0 = Release|Any CPU
		{19E65F94-9311-4D72-ACF3-4632B9C840B5}.Release|x86.ActiveCfg = Release|Any CPU
		{19E65F94-9311-4D72-ACF3-4632B9C840B5}.Release|x86.Build.0 = Release|Any CPU
		{96E1EAFE-B912-4276-BB87-964B535D34CD}.Debug|Any CPU.ActiveCfg = Debug|Any CPU
		{96E1EAFE-B912-4276-BB87-964B535D34CD}.Debug|Any CPU.Build.0 = Debug|Any CPU
		{96E1EAFE-B912-4276-BB87-964B535D34CD}.Debug|x64.ActiveCfg = Debug|Any CPU
		{96E1EAFE-B912-4276-BB87-964B535D34CD}.Debug|x64.Build.0 = Debug|Any CPU
		{96E1EAFE-B912-4276-BB87-964B535D34CD}.Debug|x86.ActiveCfg = Debug|Any CPU
		{96E1EAFE-B912-4276-BB87-964B535D34CD}.Debug|x86.Build.0 = Debug|Any CPU
		{96E1EAFE-B912-4276-BB87-964B535D34CD}.Release|Any CPU.ActiveCfg = Release|Any CPU
		{96E1EAFE-B912-4276-BB87-964B535D34CD}.Release|Any CPU.Build.0 = Release|Any CPU
		{96E1EAFE-B912-4276-BB87-964B535D34CD}.Release|x64.ActiveCfg = Release|Any CPU
		{96E1EAFE-B912-4276-BB87-964B535D34CD}.Release|x64.Build.0 = Release|Any CPU
		{96E1EAFE-B912-4276-BB87-964B535D34CD}.Release|x86.ActiveCfg = Release|Any CPU
		{96E1EAFE-B912-4276-BB87-964B535D34CD}.Release|x86.Build.0 = Release|Any CPU
		{B3511861-3541-442C-A527-768B83E22B6F}.Debug|Any CPU.ActiveCfg = Debug|Any CPU
		{B3511861-3541-442C-A527-768B83E22B6F}.Debug|Any CPU.Build.0 = Debug|Any CPU
		{B3511861-3541-442C-A527-768B83E22B6F}.Debug|x64.ActiveCfg = Debug|Any CPU
		{B3511861-3541-442C-A527-768B83E22B6F}.Debug|x64.Build.0 = Debug|Any CPU
		{B3511861-3541-442C-A527-768B83E22B6F}.Debug|x86.ActiveCfg = Debug|Any CPU
		{B3511861-3541-442C-A527-768B83E22B6F}.Debug|x86.Build.0 = Debug|Any CPU
		{B3511861-3541-442C-A527-768B83E22B6F}.Release|Any CPU.ActiveCfg = Release|Any CPU
		{B3511861-3541-442C-A527-768B83E22B6F}.Release|Any CPU.Build.0 = Release|Any CPU
		{B3511861-3541-442C-A527-768B83E22B6F}.Release|x64.ActiveCfg = Release|Any CPU
		{B3511861-3541-442C-A527-768B83E22B6F}.Release|x64.Build.0 = Release|Any CPU
		{B3511861-3541-442C-A527-768B83E22B6F}.Release|x86.ActiveCfg = Release|Any CPU
		{B3511861-3541-442C-A527-768B83E22B6F}.Release|x86.Build.0 = Release|Any CPU
		{B7F2D30E-30E4-4E2A-9FB8-263C6F58A8A9}.Debug|Any CPU.ActiveCfg = Debug|Any CPU
		{B7F2D30E-30E4-4E2A-9FB8-263C6F58A8A9}.Debug|Any CPU.Build.0 = Debug|Any CPU
		{B7F2D30E-30E4-4E2A-9FB8-263C6F58A8A9}.Debug|x64.ActiveCfg = Debug|Any CPU
		{B7F2D30E-30E4-4E2A-9FB8-263C6F58A8A9}.Debug|x64.Build.0 = Debug|Any CPU
		{B7F2D30E-30E4-4E2A-9FB8-263C6F58A8A9}.Debug|x86.ActiveCfg = Debug|Any CPU
		{B7F2D30E-30E4-4E2A-9FB8-263C6F58A8A9}.Debug|x86.Build.0 = Debug|Any CPU
		{B7F2D30E-30E4-4E2A-9FB8-263C6F58A8A9}.Release|Any CPU.ActiveCfg = Release|Any CPU
		{B7F2D30E-30E4-4E2A-9FB8-263C6F58A8A9}.Release|Any CPU.Build.0 = Release|Any CPU
		{B7F2D30E-30E4-4E2A-9FB8-263C6F58A8A9}.Release|x64.ActiveCfg = Release|Any CPU
		{B7F2D30E-30E4-4E2A-9FB8-263C6F58A8A9}.Release|x64.Build.0 = Release|Any CPU
		{B7F2D30E-30E4-4E2A-9FB8-263C6F58A8A9}.Release|x86.ActiveCfg = Release|Any CPU
		{B7F2D30E-30E4-4E2A-9FB8-263C6F58A8A9}.Release|x86.Build.0 = Release|Any CPU
		{9E3C58F8-FEA2-44A1-84FE-75C75F4CF6F6}.Debug|Any CPU.ActiveCfg = Debug|Any CPU
		{9E3C58F8-FEA2-44A1-84FE-75C75F4CF6F6}.Debug|Any CPU.Build.0 = Debug|Any CPU
		{9E3C58F8-FEA2-44A1-84FE-75C75F4CF6F6}.Debug|x64.ActiveCfg = Debug|Any CPU
		{9E3C58F8-FEA2-44A1-84FE-75C75F4CF6F6}.Debug|x64.Build.0 = Debug|Any CPU
		{9E3C58F8-FEA2-44A1-84FE-75C75F4CF6F6}.Debug|x86.ActiveCfg = Debug|Any CPU
		{9E3C58F8-FEA2-44A1-84FE-75C75F4CF6F6}.Debug|x86.Build.0 = Debug|Any CPU
		{9E3C58F8-FEA2-44A1-84FE-75C75F4CF6F6}.Release|Any CPU.ActiveCfg = Release|Any CPU
		{9E3C58F8-FEA2-44A1-84FE-75C75F4CF6F6}.Release|Any CPU.Build.0 = Release|Any CPU
		{9E3C58F8-FEA2-44A1-84FE-75C75F4CF6F6}.Release|x64.ActiveCfg = Release|Any CPU
		{9E3C58F8-FEA2-44A1-84FE-75C75F4CF6F6}.Release|x64.Build.0 = Release|Any CPU
		{9E3C58F8-FEA2-44A1-84FE-75C75F4CF6F6}.Release|x86.ActiveCfg = Release|Any CPU
		{9E3C58F8-FEA2-44A1-84FE-75C75F4CF6F6}.Release|x86.Build.0 = Release|Any CPU
		{E131AEA4-7ACC-4A0E-8E0A-3CFF9D862456}.Debug|Any CPU.ActiveCfg = Debug|Any CPU
		{E131AEA4-7ACC-4A0E-8E0A-3CFF9D862456}.Debug|Any CPU.Build.0 = Debug|Any CPU
		{E131AEA4-7ACC-4A0E-8E0A-3CFF9D862456}.Debug|x64.ActiveCfg = Debug|Any CPU
		{E131AEA4-7ACC-4A0E-8E0A-3CFF9D862456}.Debug|x64.Build.0 = Debug|Any CPU
		{E131AEA4-7ACC-4A0E-8E0A-3CFF9D862456}.Debug|x86.ActiveCfg = Debug|Any CPU
		{E131AEA4-7ACC-4A0E-8E0A-3CFF9D862456}.Debug|x86.Build.0 = Debug|Any CPU
		{E131AEA4-7ACC-4A0E-8E0A-3CFF9D862456}.Release|Any CPU.ActiveCfg = Release|Any CPU
		{E131AEA4-7ACC-4A0E-8E0A-3CFF9D862456}.Release|Any CPU.Build.0 = Release|Any CPU
		{E131AEA4-7ACC-4A0E-8E0A-3CFF9D862456}.Release|x64.ActiveCfg = Release|Any CPU
		{E131AEA4-7ACC-4A0E-8E0A-3CFF9D862456}.Release|x64.Build.0 = Release|Any CPU
		{E131AEA4-7ACC-4A0E-8E0A-3CFF9D862456}.Release|x86.ActiveCfg = Release|Any CPU
		{E131AEA4-7ACC-4A0E-8E0A-3CFF9D862456}.Release|x86.Build.0 = Release|Any CPU
		{DAA50238-7F13-4F77-9106-0F5517BED2CF}.Debug|Any CPU.ActiveCfg = Debug|Any CPU
		{DAA50238-7F13-4F77-9106-0F5517BED2CF}.Debug|Any CPU.Build.0 = Debug|Any CPU
		{DAA50238-7F13-4F77-9106-0F5517BED2CF}.Debug|x64.ActiveCfg = Debug|Any CPU
		{DAA50238-7F13-4F77-9106-0F5517BED2CF}.Debug|x64.Build.0 = Debug|Any CPU
		{DAA50238-7F13-4F77-9106-0F5517BED2CF}.Debug|x86.ActiveCfg = Debug|Any CPU
		{DAA50238-7F13-4F77-9106-0F5517BED2CF}.Debug|x86.Build.0 = Debug|Any CPU
		{DAA50238-7F13-4F77-9106-0F5517BED2CF}.Release|Any CPU.ActiveCfg = Release|Any CPU
		{DAA50238-7F13-4F77-9106-0F5517BED2CF}.Release|Any CPU.Build.0 = Release|Any CPU
		{DAA50238-7F13-4F77-9106-0F5517BED2CF}.Release|x64.ActiveCfg = Release|Any CPU
		{DAA50238-7F13-4F77-9106-0F5517BED2CF}.Release|x64.Build.0 = Release|Any CPU
		{DAA50238-7F13-4F77-9106-0F5517BED2CF}.Release|x86.ActiveCfg = Release|Any CPU
		{DAA50238-7F13-4F77-9106-0F5517BED2CF}.Release|x86.Build.0 = Release|Any CPU
	EndGlobalSection
	GlobalSection(SolutionProperties) = preSolution
		HideSolutionNode = FALSE
	EndGlobalSection
	GlobalSection(NestedProjects) = preSolution
		{B65F70F0-8FB7-4DF3-951D-A9D7DF2FF4E6} = {827E0CD3-B72D-47B6-A68D-7590B98EB39B}
		{19E65F94-9311-4D72-ACF3-4632B9C840B5} = {827E0CD3-B72D-47B6-A68D-7590B98EB39B}
		{96E1EAFE-B912-4276-BB87-964B535D34CD} = {827E0CD3-B72D-47B6-A68D-7590B98EB39B}
		{B3511861-3541-442C-A527-768B83E22B6F} = {827E0CD3-B72D-47B6-A68D-7590B98EB39B}
		{B7F2D30E-30E4-4E2A-9FB8-263C6F58A8A9} = {0AB3BF05-4346-4AA6-1389-037BE0695223}
		{9E3C58F8-FEA2-44A1-84FE-75C75F4CF6F6} = {0AB3BF05-4346-4AA6-1389-037BE0695223}
		{E131AEA4-7ACC-4A0E-8E0A-3CFF9D862456} = {0AB3BF05-4346-4AA6-1389-037BE0695223}
		{DAA50238-7F13-4F77-9106-0F5517BED2CF} = {0AB3BF05-4346-4AA6-1389-037BE0695223}
	EndGlobalSection
	GlobalSection(ExtensibilityGlobals) = postSolution
		SolutionGuid = {E3205FF5-80E6-4A74-8C16-F753C474104E}
	EndGlobalSection
EndGlobal
